// !$*UTF8*$!
{
	archiveVersion = 1;
	classes = {
	};
	objectVersion = 46;
	objects = {

/* Begin PBXBuildFile section */
		84278CA51B6E4A4A00FA5A37 /* black.png in Resources */ = {isa = PBXBuildFile; fileRef = 84278CA41B6E4A4A00FA5A37 /* black.png */; };
		84278CA81B6E4AAC00FA5A37 /* moon.png in Resources */ = {isa = PBXBuildFile; fileRef = 84278CA61B6E4AAC00FA5A37 /* moon.png */; };
		84278CA91B6E4AAC00FA5A37 /* moon1.png in Resources */ = {isa = PBXBuildFile; fileRef = 84278CA71B6E4AAC00FA5A37 /* moon1.png */; };
		84278CAD1B6E81A800FA5A37 /* tiengbokeu.mp3 in Resources */ = {isa = PBXBuildFile; fileRef = 84278CAB1B6E81A800FA5A37 /* tiengbokeu.mp3 */; };
		84278CAE1B6E81A800FA5A37 /* tienggagay.mp3 in Resources */ = {isa = PBXBuildFile; fileRef = 84278CAC1B6E81A800FA5A37 /* tienggagay.mp3 */; };
		84278CB01B6E822400FA5A37 /* AVFoundation.framework in Frameworks */ = {isa = PBXBuildFile; fileRef = 84278CAF1B6E822400FA5A37 /* AVFoundation.framework */; };
		84278CB21B6E893900FA5A37 /* tiengdekeu.mp3 in Resources */ = {isa = PBXBuildFile; fileRef = 84278CB11B6E893900FA5A37 /* tiengdekeu.mp3 */; };
		849C3D0C1B6D3AB4005D0908 /* main.m in Sources */ = {isa = PBXBuildFile; fileRef = 849C3D0B1B6D3AB4005D0908 /* main.m */; };
		849C3D0F1B6D3AB4005D0908 /* AppDelegate.m in Sources */ = {isa = PBXBuildFile; fileRef = 849C3D0E1B6D3AB4005D0908 /* AppDelegate.m */; };
		849C3D121B6D3AB4005D0908 /* ViewController.m in Sources */ = {isa = PBXBuildFile; fileRef = 849C3D111B6D3AB4005D0908 /* ViewController.m */; };
		849C3D151B6D3AB4005D0908 /* Main.storyboard in Resources */ = {isa = PBXBuildFile; fileRef = 849C3D131B6D3AB4005D0908 /* Main.storyboard */; };
		849C3D171B6D3AB4005D0908 /* Images.xcassets in Resources */ = {isa = PBXBuildFile; fileRef = 849C3D161B6D3AB4005D0908 /* Images.xcassets */; };
		849C3D1A1B6D3AB4005D0908 /* LaunchScreen.xib in Resources */ = {isa = PBXBuildFile; fileRef = 849C3D181B6D3AB4005D0908 /* LaunchScreen.xib */; };
		849C3D261B6D3AB4005D0908 /* CodeCamp1Tests.m in Sources */ = {isa = PBXBuildFile; fileRef = 849C3D251B6D3AB4005D0908 /* CodeCamp1Tests.m */; };
		849C3D3B1B6D3EC2005D0908 /* canhdong.png in Resources */ = {isa = PBXBuildFile; fileRef = 849C3D341B6D3EC2005D0908 /* canhdong.png */; };
		849C3D3C1B6D3EC2005D0908 /* coixaygio.png in Resources */ = {isa = PBXBuildFile; fileRef = 849C3D351B6D3EC2005D0908 /* coixaygio.png */; };
		849C3D411B6D58BB005D0908 /* center.png in Resources */ = {isa = PBXBuildFile; fileRef = 849C3D401B6D58BB005D0908 /* center.png */; };
		849C3D441B6D66F1005D0908 /* canh1.png in Resources */ = {isa = PBXBuildFile; fileRef = 849C3D421B6D66F1005D0908 /* canh1.png */; };
		849C3D451B6D66F1005D0908 /* canh2.png in Resources */ = {isa = PBXBuildFile; fileRef = 849C3D431B6D66F1005D0908 /* canh2.png */; };
		849C3D551B6D7E03005D0908 /* house1.png in Resources */ = {isa = PBXBuildFile; fileRef = 849C3D541B6D7E03005D0908 /* house1.png */; };
		84FAE39A1B6DBE0900172041 /* sun.png in Resources */ = {isa = PBXBuildFile; fileRef = 84FAE3991B6DBE0900172041 /* sun.png */; };
		84FAE3A61B6DCDA300172041 /* sun1.png in Resources */ = {isa = PBXBuildFile; fileRef = 84FAE39C1B6DCDA300172041 /* sun1.png */; };
		84FAE3A71B6DCDA300172041 /* sun2.png in Resources */ = {isa = PBXBuildFile; fileRef = 84FAE39D1B6DCDA300172041 /* sun2.png */; };
		84FAE3A81B6DCDA300172041 /* sun3.png in Resources */ = {isa = PBXBuildFile; fileRef = 84FAE39E1B6DCDA300172041 /* sun3.png */; };
		84FAE3A91B6DCDA300172041 /* sun4.png in Resources */ = {isa = PBXBuildFile; fileRef = 84FAE39F1B6DCDA300172041 /* sun4.png */; };
		84FAE3AA1B6DCDA300172041 /* sun5.png in Resources */ = {isa = PBXBuildFile; fileRef = 84FAE3A01B6DCDA300172041 /* sun5.png */; };
		84FAE3AB1B6DCDA300172041 /* sun6.png in Resources */ = {isa = PBXBuildFile; fileRef = 84FAE3A11B6DCDA300172041 /* sun6.png */; };
		84FAE3AC1B6DCDA300172041 /* sun7.png in Resources */ = {isa = PBXBuildFile; fileRef = 84FAE3A21B6DCDA300172041 /* sun7.png */; };
		84FAE3AD1B6DCDA300172041 /* sun8.png in Resources */ = {isa = PBXBuildFile; fileRef = 84FAE3A31B6DCDA300172041 /* sun8.png */; };
		84FAE3AE1B6DCDA300172041 /* sun9.png in Resources */ = {isa = PBXBuildFile; fileRef = 84FAE3A41B6DCDA300172041 /* sun9.png */; };
		84FAE3AF1B6DCDA300172041 /* sun10.png in Resources */ = {isa = PBXBuildFile; fileRef = 84FAE3A51B6DCDA300172041 /* sun10.png */; };
		84FAE3C51B6DE2F900172041 /* cow.png in Resources */ = {isa = PBXBuildFile; fileRef = 84FAE3B31B6DE2F900172041 /* cow.png */; };
		84FAE3C61B6DE2F900172041 /* cow1.png in Resources */ = {isa = PBXBuildFile; fileRef = 84FAE3B41B6DE2F900172041 /* cow1.png */; };
		84FAE3C71B6DE2F900172041 /* cow2.png in Resources */ = {isa = PBXBuildFile; fileRef = 84FAE3B51B6DE2F900172041 /* cow2.png */; };
		84FAE3C81B6DE2F900172041 /* cow3.png in Resources */ = {isa = PBXBuildFile; fileRef = 84FAE3B61B6DE2F900172041 /* cow3.png */; };
		84FAE3C91B6DE2F900172041 /* cow4.png in Resources */ = {isa = PBXBuildFile; fileRef = 84FAE3B71B6DE2F900172041 /* cow4.png */; };
		84FAE3CA1B6DE2F900172041 /* cow5.png in Resources */ = {isa = PBXBuildFile; fileRef = 84FAE3B81B6DE2F900172041 /* cow5.png */; };
		84FAE3CB1B6DE2F900172041 /* cow6.png in Resources */ = {isa = PBXBuildFile; fileRef = 84FAE3B91B6DE2F900172041 /* cow6.png */; };
		84FAE3CC1B6DE2F900172041 /* cow7.png in Resources */ = {isa = PBXBuildFile; fileRef = 84FAE3BA1B6DE2F900172041 /* cow7.png */; };
		84FAE3CD1B6DE2F900172041 /* cow8.png in Resources */ = {isa = PBXBuildFile; fileRef = 84FAE3BB1B6DE2F900172041 /* cow8.png */; };
		84FAE3CE1B6DE2F900172041 /* cow9.png in Resources */ = {isa = PBXBuildFile; fileRef = 84FAE3BC1B6DE2F900172041 /* cow9.png */; };
		84FAE3CF1B6DE2F900172041 /* cow10.png in Resources */ = {isa = PBXBuildFile; fileRef = 84FAE3BD1B6DE2F900172041 /* cow10.png */; };
		84FAE3D01B6DE2F900172041 /* cow11.png in Resources */ = {isa = PBXBuildFile; fileRef = 84FAE3BE1B6DE2F900172041 /* cow11.png */; };
		84FAE3D11B6DE2F900172041 /* cow12.png in Resources */ = {isa = PBXBuildFile; fileRef = 84FAE3BF1B6DE2F900172041 /* cow12.png */; };
		84FAE3D21B6DE2F900172041 /* cow13.png in Resources */ = {isa = PBXBuildFile; fileRef = 84FAE3C01B6DE2F900172041 /* cow13.png */; };
		84FAE3D31B6DE2F900172041 /* cow14.png in Resources */ = {isa = PBXBuildFile; fileRef = 84FAE3C11B6DE2F900172041 /* cow14.png */; };
		84FAE3D41B6DE2F900172041 /* cow15.png in Resources */ = {isa = PBXBuildFile; fileRef = 84FAE3C21B6DE2F900172041 /* cow15.png */; };
		84FAE3D51B6DE2F900172041 /* cow16.png in Resources */ = {isa = PBXBuildFile; fileRef = 84FAE3C31B6DE2F900172041 /* cow16.png */; };
		84FAE3D61B6DE2F900172041 /* cow17.png in Resources */ = {isa = PBXBuildFile; fileRef = 84FAE3C41B6DE2F900172041 /* cow17.png */; };
		84FAE3D81B6DF3CC00172041 /* sua.png in Resources */ = {isa = PBXBuildFile; fileRef = 84FAE3D71B6DF3CC00172041 /* sua.png */; };
		84FAE3DC1B6DF63300172041 /* cogaihalan1.png in Resources */ = {isa = PBXBuildFile; fileRef = 84FAE3DA1B6DF63300172041 /* cogaihalan1.png */; };
		84FAE3DE1B6DFC8200172041 /* cogaihalan.png in Resources */ = {isa = PBXBuildFile; fileRef = 84FAE3DD1B6DFC8200172041 /* cogaihalan.png */; };
		84FAE3E01B6E06B200172041 /* may.png in Resources */ = {isa = PBXBuildFile; fileRef = 84FAE3DF1B6E06B200172041 /* may.png */; };
		84FAE3E51B6E0B6800172041 /* may1.png in Resources */ = {isa = PBXBuildFile; fileRef = 84FAE3E21B6E0B6800172041 /* may1.png */; };
		84FAE3E61B6E0B6800172041 /* may2.png in Resources */ = {isa = PBXBuildFile; fileRef = 84FAE3E31B6E0B6800172041 /* may2.png */; };
		84FAE3E71B6E0B6800172041 /* may3.png in Resources */ = {isa = PBXBuildFile; fileRef = 84FAE3E41B6E0B6800172041 /* may3.png */; };
		84FAE3EA1B6E100800172041 /* may4.png in Resources */ = {isa = PBXBuildFile; fileRef = 84FAE3E81B6E100800172041 /* may4.png */; };
		84FAE3EB1B6E100800172041 /* may5.png in Resources */ = {isa = PBXBuildFile; fileRef = 84FAE3E91B6E100800172041 /* may5.png */; };
/* End PBXBuildFile section */

/* Begin PBXContainerItemProxy section */
		849C3D201B6D3AB4005D0908 /* PBXContainerItemProxy */ = {
			isa = PBXContainerItemProxy;
			containerPortal = 849C3CFE1B6D3AB3005D0908 /* Project object */;
			proxyType = 1;
			remoteGlobalIDString = 849C3D051B6D3AB3005D0908;
			remoteInfo = CodeCamp1;
		};
/* End PBXContainerItemProxy section */

/* Begin PBXFileReference section */
		84278CA41B6E4A4A00FA5A37 /* black.png */ = {isa = PBXFileReference; lastKnownFileType = image.png; path = black.png; sourceTree = "<group>"; };
		84278CA61B6E4AAC00FA5A37 /* moon.png */ = {isa = PBXFileReference; lastKnownFileType = image.png; path = moon.png; sourceTree = "<group>"; };
		84278CA71B6E4AAC00FA5A37 /* moon1.png */ = {isa = PBXFileReference; lastKnownFileType = image.png; path = moon1.png; sourceTree = "<group>"; };
		84278CAB1B6E81A800FA5A37 /* tiengbokeu.mp3 */ = {isa = PBXFileReference; lastKnownFileType = audio.mp3; path = tiengbokeu.mp3; sourceTree = "<group>"; };
		84278CAC1B6E81A800FA5A37 /* tienggagay.mp3 */ = {isa = PBXFileReference; lastKnownFileType = audio.mp3; path = tienggagay.mp3; sourceTree = "<group>"; };
		84278CAF1B6E822400FA5A37 /* AVFoundation.framework */ = {isa = PBXFileReference; lastKnownFileType = wrapper.framework; name = AVFoundation.framework; path = System/Library/Frameworks/AVFoundation.framework; sourceTree = SDKROOT; };
		84278CB11B6E893900FA5A37 /* tiengdekeu.mp3 */ = {isa = PBXFileReference; lastKnownFileType = audio.mp3; path = tiengdekeu.mp3; sourceTree = "<group>"; };
		849C3D061B6D3AB4005D0908 /* CodeCamp1.app */ = {isa = PBXFileReference; explicitFileType = wrapper.application; includeInIndex = 0; path = CodeCamp1.app; sourceTree = BUILT_PRODUCTS_DIR; };
		849C3D0A1B6D3AB4005D0908 /* Info.plist */ = {isa = PBXFileReference; lastKnownFileType = text.plist.xml; path = Info.plist; sourceTree = "<group>"; };
		849C3D0B1B6D3AB4005D0908 /* main.m */ = {isa = PBXFileReference; lastKnownFileType = sourcecode.c.objc; path = main.m; sourceTree = "<group>"; };
		849C3D0D1B6D3AB4005D0908 /* AppDelegate.h */ = {isa = PBXFileReference; lastKnownFileType = sourcecode.c.h; path = AppDelegate.h; sourceTree = "<group>"; };
		849C3D0E1B6D3AB4005D0908 /* AppDelegate.m */ = {isa = PBXFileReference; lastKnownFileType = sourcecode.c.objc; path = AppDelegate.m; sourceTree = "<group>"; };
		849C3D101B6D3AB4005D0908 /* ViewController.h */ = {isa = PBXFileReference; lastKnownFileType = sourcecode.c.h; path = ViewController.h; sourceTree = "<group>"; };
		849C3D111B6D3AB4005D0908 /* ViewController.m */ = {isa = PBXFileReference; lastKnownFileType = sourcecode.c.objc; path = ViewController.m; sourceTree = "<group>"; };
		849C3D141B6D3AB4005D0908 /* Base */ = {isa = PBXFileReference; lastKnownFileType = file.storyboard; name = Base; path = Base.lproj/Main.storyboard; sourceTree = "<group>"; };
		849C3D161B6D3AB4005D0908 /* Images.xcassets */ = {isa = PBXFileReference; lastKnownFileType = folder.assetcatalog; path = Images.xcassets; sourceTree = "<group>"; };
		849C3D191B6D3AB4005D0908 /* Base */ = {isa = PBXFileReference; lastKnownFileType = file.xib; name = Base; path = Base.lproj/LaunchScreen.xib; sourceTree = "<group>"; };
		849C3D1F1B6D3AB4005D0908 /* CodeCamp1Tests.xctest */ = {isa = PBXFileReference; explicitFileType = wrapper.cfbundle; includeInIndex = 0; path = CodeCamp1Tests.xctest; sourceTree = BUILT_PRODUCTS_DIR; };
		849C3D241B6D3AB4005D0908 /* Info.plist */ = {isa = PBXFileReference; lastKnownFileType = text.plist.xml; path = Info.plist; sourceTree = "<group>"; };
		849C3D251B6D3AB4005D0908 /* CodeCamp1Tests.m */ = {isa = PBXFileReference; lastKnownFileType = sourcecode.c.objc; path = CodeCamp1Tests.m; sourceTree = "<group>"; };
		849C3D341B6D3EC2005D0908 /* canhdong.png */ = {isa = PBXFileReference; lastKnownFileType = image.png; path = canhdong.png; sourceTree = "<group>"; };
		849C3D351B6D3EC2005D0908 /* coixaygio.png */ = {isa = PBXFileReference; lastKnownFileType = image.png; path = coixaygio.png; sourceTree = "<group>"; };
		849C3D401B6D58BB005D0908 /* center.png */ = {isa = PBXFileReference; lastKnownFileType = image.png; path = center.png; sourceTree = "<group>"; };
		849C3D421B6D66F1005D0908 /* canh1.png */ = {isa = PBXFileReference; lastKnownFileType = image.png; path = canh1.png; sourceTree = "<group>"; };
		849C3D431B6D66F1005D0908 /* canh2.png */ = {isa = PBXFileReference; lastKnownFileType = image.png; path = canh2.png; sourceTree = "<group>"; };
		849C3D541B6D7E03005D0908 /* house1.png */ = {isa = PBXFileReference; lastKnownFileType = image.png; path = house1.png; sourceTree = "<group>"; };
		84FAE3991B6DBE0900172041 /* sun.png */ = {isa = PBXFileReference; lastKnownFileType = image.png; path = sun.png; sourceTree = "<group>"; };
		84FAE39C1B6DCDA300172041 /* sun1.png */ = {isa = PBXFileReference; lastKnownFileType = image.png; path = sun1.png; sourceTree = "<group>"; };
		84FAE39D1B6DCDA300172041 /* sun2.png */ = {isa = PBXFileReference; lastKnownFileType = image.png; path = sun2.png; sourceTree = "<group>"; };
		84FAE39E1B6DCDA300172041 /* sun3.png */ = {isa = PBXFileReference; lastKnownFileType = image.png; path = sun3.png; sourceTree = "<group>"; };
		84FAE39F1B6DCDA300172041 /* sun4.png */ = {isa = PBXFileReference; lastKnownFileType = image.png; path = sun4.png; sourceTree = "<group>"; };
		84FAE3A01B6DCDA300172041 /* sun5.png */ = {isa = PBXFileReference; lastKnownFileType = image.png; path = sun5.png; sourceTree = "<group>"; };
		84FAE3A11B6DCDA300172041 /* sun6.png */ = {isa = PBXFileReference; lastKnownFileType = image.png; path = sun6.png; sourceTree = "<group>"; };
		84FAE3A21B6DCDA300172041 /* sun7.png */ = {isa = PBXFileReference; lastKnownFileType = image.png; path = sun7.png; sourceTree = "<group>"; };
		84FAE3A31B6DCDA300172041 /* sun8.png */ = {isa = PBXFileReference; lastKnownFileType = image.png; path = sun8.png; sourceTree = "<group>"; };
		84FAE3A41B6DCDA300172041 /* sun9.png */ = {isa = PBXFileReference; lastKnownFileType = image.png; path = sun9.png; sourceTree = "<group>"; };
		84FAE3A51B6DCDA300172041 /* sun10.png */ = {isa = PBXFileReference; lastKnownFileType = image.png; path = sun10.png; sourceTree = "<group>"; };
		84FAE3B31B6DE2F900172041 /* cow.png */ = {isa = PBXFileReference; lastKnownFileType = image.png; path = cow.png; sourceTree = "<group>"; };
		84FAE3B41B6DE2F900172041 /* cow1.png */ = {isa = PBXFileReference; lastKnownFileType = image.png; path = cow1.png; sourceTree = "<group>"; };
		84FAE3B51B6DE2F900172041 /* cow2.png */ = {isa = PBXFileReference; lastKnownFileType = image.png; path = cow2.png; sourceTree = "<group>"; };
		84FAE3B61B6DE2F900172041 /* cow3.png */ = {isa = PBXFileReference; lastKnownFileType = image.png; path = cow3.png; sourceTree = "<group>"; };
		84FAE3B71B6DE2F900172041 /* cow4.png */ = {isa = PBXFileReference; lastKnownFileType = image.png; path = cow4.png; sourceTree = "<group>"; };
		84FAE3B81B6DE2F900172041 /* cow5.png */ = {isa = PBXFileReference; lastKnownFileType = image.png; path = cow5.png; sourceTree = "<group>"; };
		84FAE3B91B6DE2F900172041 /* cow6.png */ = {isa = PBXFileReference; lastKnownFileType = image.png; path = cow6.png; sourceTree = "<group>"; };
		84FAE3BA1B6DE2F900172041 /* cow7.png */ = {isa = PBXFileReference; lastKnownFileType = image.png; path = cow7.png; sourceTree = "<group>"; };
		84FAE3BB1B6DE2F900172041 /* cow8.png */ = {isa = PBXFileReference; lastKnownFileType = image.png; path = cow8.png; sourceTree = "<group>"; };
		84FAE3BC1B6DE2F900172041 /* cow9.png */ = {isa = PBXFileReference; lastKnownFileType = image.png; path = cow9.png; sourceTree = "<group>"; };
		84FAE3BD1B6DE2F900172041 /* cow10.png */ = {isa = PBXFileReference; lastKnownFileType = image.png; path = cow10.png; sourceTree = "<group>"; };
		84FAE3BE1B6DE2F900172041 /* cow11.png */ = {isa = PBXFileReference; lastKnownFileType = image.png; path = cow11.png; sourceTree = "<group>"; };
		84FAE3BF1B6DE2F900172041 /* cow12.png */ = {isa = PBXFileReference; lastKnownFileType = image.png; path = cow12.png; sourceTree = "<group>"; };
		84FAE3C01B6DE2F900172041 /* cow13.png */ = {isa = PBXFileReference; lastKnownFileType = image.png; path = cow13.png; sourceTree = "<group>"; };
		84FAE3C11B6DE2F900172041 /* cow14.png */ = {isa = PBXFileReference; lastKnownFileType = image.png; path = cow14.png; sourceTree = "<group>"; };
		84FAE3C21B6DE2F900172041 /* cow15.png */ = {isa = PBXFileReference; lastKnownFileType = image.png; path = cow15.png; sourceTree = "<group>"; };
		84FAE3C31B6DE2F900172041 /* cow16.png */ = {isa = PBXFileReference; lastKnownFileType = image.png; path = cow16.png; sourceTree = "<group>"; };
		84FAE3C41B6DE2F900172041 /* cow17.png */ = {isa = PBXFileReference; lastKnownFileType = image.png; path = cow17.png; sourceTree = "<group>"; };
		84FAE3D71B6DF3CC00172041 /* sua.png */ = {isa = PBXFileReference; lastKnownFileType = image.png; path = sua.png; sourceTree = "<group>"; };
		84FAE3DA1B6DF63300172041 /* cogaihalan1.png */ = {isa = PBXFileReference; lastKnownFileType = image.png; path = cogaihalan1.png; sourceTree = "<group>"; };
		84FAE3DD1B6DFC8200172041 /* cogaihalan.png */ = {isa = PBXFileReference; lastKnownFileType = image.png; path = cogaihalan.png; sourceTree = "<group>"; };
		84FAE3DF1B6E06B200172041 /* may.png */ = {isa = PBXFileReference; lastKnownFileType = image.png; path = may.png; sourceTree = "<group>"; };
		84FAE3E21B6E0B6800172041 /* may1.png */ = {isa = PBXFileReference; lastKnownFileType = image.png; path = may1.png; sourceTree = "<group>"; };
		84FAE3E31B6E0B6800172041 /* may2.png */ = {isa = PBXFileReference; lastKnownFileType = image.png; path = may2.png; sourceTree = "<group>"; };
		84FAE3E41B6E0B6800172041 /* may3.png */ = {isa = PBXFileReference; lastKnownFileType = image.png; path = may3.png; sourceTree = "<group>"; };
		84FAE3E81B6E100800172041 /* may4.png */ = {isa = PBXFileReference; lastKnownFileType = image.png; path = may4.png; sourceTree = "<group>"; };
		84FAE3E91B6E100800172041 /* may5.png */ = {isa = PBXFileReference; lastKnownFileType = image.png; path = may5.png; sourceTree = "<group>"; };
/* End PBXFileReference section */

/* Begin PBXFrameworksBuildPhase section */
		849C3D031B6D3AB3005D0908 /* Frameworks */ = {
			isa = PBXFrameworksBuildPhase;
			buildActionMask = 2147483647;
			files = (
				84278CB01B6E822400FA5A37 /* AVFoundation.framework in Frameworks */,
			);
			runOnlyForDeploymentPostprocessing = 0;
		};
		849C3D1C1B6D3AB4005D0908 /* Frameworks */ = {
			isa = PBXFrameworksBuildPhase;
			buildActionMask = 2147483647;
			files = (
			);
			runOnlyForDeploymentPostprocessing = 0;
		};
/* End PBXFrameworksBuildPhase section */

/* Begin PBXGroup section */
		84278CAA1B6E7D2200FA5A37 /* music */ = {
			isa = PBXGroup;
			children = (
				84278CB11B6E893900FA5A37 /* tiengdekeu.mp3 */,
				84278CAB1B6E81A800FA5A37 /* tiengbokeu.mp3 */,
				84278CAC1B6E81A800FA5A37 /* tienggagay.mp3 */,
			);
			name = music;
			sourceTree = "<group>";
		};
		849C3CFD1B6D3AB3005D0908 = {
			isa = PBXGroup;
			children = (
				84278CAF1B6E822400FA5A37 /* AVFoundation.framework */,
				849C3D081B6D3AB4005D0908 /* CodeCamp1 */,
				849C3D221B6D3AB4005D0908 /* CodeCamp1Tests */,
				849C3D071B6D3AB4005D0908 /* Products */,
			);
			sourceTree = "<group>";
		};
		849C3D071B6D3AB4005D0908 /* Products */ = {
			isa = PBXGroup;
			children = (
				849C3D061B6D3AB4005D0908 /* CodeCamp1.app */,
				849C3D1F1B6D3AB4005D0908 /* CodeCamp1Tests.xctest */,
			);
			name = Products;
			sourceTree = "<group>";
		};
		849C3D081B6D3AB4005D0908 /* CodeCamp1 */ = {
			isa = PBXGroup;
			children = (
				84278CAA1B6E7D2200FA5A37 /* music */,
				84FAE3E11B6E0B4D00172041 /* imagesCloudy */,
				84FAE3B21B6DE2DA00172041 /* imagesCow */,
				84FAE39B1B6DCD6200172041 /* imagesSun */,
				849C3D2F1B6D3E9D005D0908 /* images */,
				849C3D0D1B6D3AB4005D0908 /* AppDelegate.h */,
				849C3D0E1B6D3AB4005D0908 /* AppDelegate.m */,
				849C3D101B6D3AB4005D0908 /* ViewController.h */,
				849C3D111B6D3AB4005D0908 /* ViewController.m */,
				849C3D131B6D3AB4005D0908 /* Main.storyboard */,
				849C3D161B6D3AB4005D0908 /* Images.xcassets */,
				849C3D181B6D3AB4005D0908 /* LaunchScreen.xib */,
				849C3D091B6D3AB4005D0908 /* Supporting Files */,
			);
			path = CodeCamp1;
			sourceTree = "<group>";
		};
		849C3D091B6D3AB4005D0908 /* Supporting Files */ = {
			isa = PBXGroup;
			children = (
				849C3D0A1B6D3AB4005D0908 /* Info.plist */,
				849C3D0B1B6D3AB4005D0908 /* main.m */,
			);
			name = "Supporting Files";
			sourceTree = "<group>";
		};
		849C3D221B6D3AB4005D0908 /* CodeCamp1Tests */ = {
			isa = PBXGroup;
			children = (
				849C3D251B6D3AB4005D0908 /* CodeCamp1Tests.m */,
				849C3D231B6D3AB4005D0908 /* Supporting Files */,
			);
			path = CodeCamp1Tests;
			sourceTree = "<group>";
		};
		849C3D231B6D3AB4005D0908 /* Supporting Files */ = {
			isa = PBXGroup;
			children = (
				849C3D241B6D3AB4005D0908 /* Info.plist */,
			);
			name = "Supporting Files";
			sourceTree = "<group>";
		};
		849C3D2F1B6D3E9D005D0908 /* images */ = {
			isa = PBXGroup;
			children = (
				84278CA61B6E4AAC00FA5A37 /* moon.png */,
				84278CA71B6E4AAC00FA5A37 /* moon1.png */,
				84278CA41B6E4A4A00FA5A37 /* black.png */,
				84FAE3DD1B6DFC8200172041 /* cogaihalan.png */,
				84FAE3DA1B6DF63300172041 /* cogaihalan1.png */,
				84FAE3D71B6DF3CC00172041 /* sua.png */,
				849C3D541B6D7E03005D0908 /* house1.png */,
				849C3D421B6D66F1005D0908 /* canh1.png */,
				849C3D431B6D66F1005D0908 /* canh2.png */,
				849C3D401B6D58BB005D0908 /* center.png */,
				849C3D341B6D3EC2005D0908 /* canhdong.png */,
				849C3D351B6D3EC2005D0908 /* coixaygio.png */,
			);
			name = images;
			sourceTree = "<group>";
		};
		84FAE39B1B6DCD6200172041 /* imagesSun */ = {
			isa = PBXGroup;
			children = (
				84FAE39C1B6DCDA300172041 /* sun1.png */,
				84FAE39D1B6DCDA300172041 /* sun2.png */,
				84FAE39E1B6DCDA300172041 /* sun3.png */,
				84FAE39F1B6DCDA300172041 /* sun4.png */,
				84FAE3A01B6DCDA300172041 /* sun5.png */,
				84FAE3A11B6DCDA300172041 /* sun6.png */,
				84FAE3A21B6DCDA300172041 /* sun7.png */,
				84FAE3A31B6DCDA300172041 /* sun8.png */,
				84FAE3A41B6DCDA300172041 /* sun9.png */,
				84FAE3A51B6DCDA300172041 /* sun10.png */,
				84FAE3991B6DBE0900172041 /* sun.png */,
			);
			name = imagesSun;
			sourceTree = "<group>";
		};
		84FAE3B21B6DE2DA00172041 /* imagesCow */ = {
			isa = PBXGroup;
			children = (
				84FAE3B31B6DE2F900172041 /* cow.png */,
				84FAE3B41B6DE2F900172041 /* cow1.png */,
				84FAE3B51B6DE2F900172041 /* cow2.png */,
				84FAE3B61B6DE2F900172041 /* cow3.png */,
				84FAE3B71B6DE2F900172041 /* cow4.png */,
				84FAE3B81B6DE2F900172041 /* cow5.png */,
				84FAE3B91B6DE2F900172041 /* cow6.png */,
				84FAE3BA1B6DE2F900172041 /* cow7.png */,
				84FAE3BB1B6DE2F900172041 /* cow8.png */,
				84FAE3BC1B6DE2F900172041 /* cow9.png */,
				84FAE3BD1B6DE2F900172041 /* cow10.png */,
				84FAE3BE1B6DE2F900172041 /* cow11.png */,
				84FAE3BF1B6DE2F900172041 /* cow12.png */,
				84FAE3C01B6DE2F900172041 /* cow13.png */,
				84FAE3C11B6DE2F900172041 /* cow14.png */,
				84FAE3C21B6DE2F900172041 /* cow15.png */,
				84FAE3C31B6DE2F900172041 /* cow16.png */,
				84FAE3C41B6DE2F900172041 /* cow17.png */,
			);
			name = imagesCow;
			sourceTree = "<group>";
		};
		84FAE3E11B6E0B4D00172041 /* imagesCloudy */ = {
			isa = PBXGroup;
			children = (
				84FAE3E81B6E100800172041 /* may4.png */,
				84FAE3E91B6E100800172041 /* may5.png */,
				84FAE3E21B6E0B6800172041 /* may1.png */,
				84FAE3E31B6E0B6800172041 /* may2.png */,
				84FAE3E41B6E0B6800172041 /* may3.png */,
				84FAE3DF1B6E06B200172041 /* may.png */,
			);
			name = imagesCloudy;
			sourceTree = "<group>";
		};
/* End PBXGroup section */

/* Begin PBXNativeTarget section */
		849C3D051B6D3AB3005D0908 /* CodeCamp1 */ = {
			isa = PBXNativeTarget;
			buildConfigurationList = 849C3D291B6D3AB4005D0908 /* Build configuration list for PBXNativeTarget "CodeCamp1" */;
			buildPhases = (
				849C3D021B6D3AB3005D0908 /* Sources */,
				849C3D031B6D3AB3005D0908 /* Frameworks */,
				849C3D041B6D3AB3005D0908 /* Resources */,
			);
			buildRules = (
			);
			dependencies = (
			);
			name = CodeCamp1;
			productName = CodeCamp1;
			productReference = 849C3D061B6D3AB4005D0908 /* CodeCamp1.app */;
			productType = "com.apple.product-type.application";
		};
		849C3D1E1B6D3AB4005D0908 /* CodeCamp1Tests */ = {
			isa = PBXNativeTarget;
			buildConfigurationList = 849C3D2C1B6D3AB4005D0908 /* Build configuration list for PBXNativeTarget "CodeCamp1Tests" */;
			buildPhases = (
				849C3D1B1B6D3AB4005D0908 /* Sources */,
				849C3D1C1B6D3AB4005D0908 /* Frameworks */,
				849C3D1D1B6D3AB4005D0908 /* Resources */,
			);
			buildRules = (
			);
			dependencies = (
				849C3D211B6D3AB4005D0908 /* PBXTargetDependency */,
			);
			name = CodeCamp1Tests;
			productName = CodeCamp1Tests;
			productReference = 849C3D1F1B6D3AB4005D0908 /* CodeCamp1Tests.xctest */;
			productType = "com.apple.product-type.bundle.unit-test";
		};
/* End PBXNativeTarget section */

/* Begin PBXProject section */
		849C3CFE1B6D3AB3005D0908 /* Project object */ = {
			isa = PBXProject;
			attributes = {
				LastUpgradeCheck = 0640;
				ORGANIZATIONNAME = admin;
				TargetAttributes = {
					849C3D051B6D3AB3005D0908 = {
						CreatedOnToolsVersion = 6.4;
					};
					849C3D1E1B6D3AB4005D0908 = {
						CreatedOnToolsVersion = 6.4;
						TestTargetID = 849C3D051B6D3AB3005D0908;
					};
				};
			};
			buildConfigurationList = 849C3D011B6D3AB3005D0908 /* Build configuration list for PBXProject "CodeCamp1" */;
			compatibilityVersion = "Xcode 3.2";
			developmentRegion = English;
			hasScannedForEncodings = 0;
			knownRegions = (
				en,
				Base,
			);
			mainGroup = 849C3CFD1B6D3AB3005D0908;
			productRefGroup = 849C3D071B6D3AB4005D0908 /* Products */;
			projectDirPath = "";
			projectRoot = "";
			targets = (
				849C3D051B6D3AB3005D0908 /* CodeCamp1 */,
				849C3D1E1B6D3AB4005D0908 /* CodeCamp1Tests */,
			);
		};
/* End PBXProject section */

/* Begin PBXResourcesBuildPhase section */
		849C3D041B6D3AB3005D0908 /* Resources */ = {
			isa = PBXResourcesBuildPhase;
			buildActionMask = 2147483647;
			files = (
				84278CAE1B6E81A800FA5A37 /* tienggagay.mp3 in Resources */,
				84FAE3D11B6DE2F900172041 /* cow12.png in Resources */,
				84FAE39A1B6DBE0900172041 /* sun.png in Resources */,
				84FAE3A91B6DCDA300172041 /* sun4.png in Resources */,
				84FAE3C81B6DE2F900172041 /* cow3.png in Resources */,
				84FAE3E61B6E0B6800172041 /* may2.png in Resources */,
				84FAE3AA1B6DCDA300172041 /* sun5.png in Resources */,
				84FAE3C51B6DE2F900172041 /* cow.png in Resources */,
				84FAE3D61B6DE2F900172041 /* cow17.png in Resources */,
				849C3D151B6D3AB4005D0908 /* Main.storyboard in Resources */,
				849C3D3B1B6D3EC2005D0908 /* canhdong.png in Resources */,
				84278CA91B6E4AAC00FA5A37 /* moon1.png in Resources */,
				84FAE3E01B6E06B200172041 /* may.png in Resources */,
				84FAE3E71B6E0B6800172041 /* may3.png in Resources */,
				84FAE3DC1B6DF63300172041 /* cogaihalan1.png in Resources */,
				849C3D551B6D7E03005D0908 /* house1.png in Resources */,
				84FAE3D41B6DE2F900172041 /* cow15.png in Resources */,
				84FAE3A81B6DCDA300172041 /* sun3.png in Resources */,
				84FAE3D31B6DE2F900172041 /* cow14.png in Resources */,
				84FAE3D51B6DE2F900172041 /* cow16.png in Resources */,
				84FAE3EB1B6E100800172041 /* may5.png in Resources */,
				849C3D3C1B6D3EC2005D0908 /* coixaygio.png in Resources */,
				84FAE3CE1B6DE2F900172041 /* cow9.png in Resources */,
				84FAE3A61B6DCDA300172041 /* sun1.png in Resources */,
				84FAE3CC1B6DE2F900172041 /* cow7.png in Resources */,
				84278CA81B6E4AAC00FA5A37 /* moon.png in Resources */,
				84FAE3C91B6DE2F900172041 /* cow4.png in Resources */,
				84FAE3D81B6DF3CC00172041 /* sua.png in Resources */,
				849C3D411B6D58BB005D0908 /* center.png in Resources */,
				84FAE3AB1B6DCDA300172041 /* sun6.png in Resources */,
				84FAE3EA1B6E100800172041 /* may4.png in Resources */,
				84FAE3E51B6E0B6800172041 /* may1.png in Resources */,
				84FAE3D21B6DE2F900172041 /* cow13.png in Resources */,
				84FAE3CF1B6DE2F900172041 /* cow10.png in Resources */,
				849C3D1A1B6D3AB4005D0908 /* LaunchScreen.xib in Resources */,
				84FAE3CA1B6DE2F900172041 /* cow5.png in Resources */,
				849C3D171B6D3AB4005D0908 /* Images.xcassets in Resources */,
				84FAE3AF1B6DCDA300172041 /* sun10.png in Resources */,
				84FAE3A71B6DCDA300172041 /* sun2.png in Resources */,
				84FAE3AC1B6DCDA300172041 /* sun7.png in Resources */,
				849C3D451B6D66F1005D0908 /* canh2.png in Resources */,
				84278CB21B6E893900FA5A37 /* tiengdekeu.mp3 in Resources */,
				84FAE3C71B6DE2F900172041 /* cow2.png in Resources */,
				84FAE3D01B6DE2F900172041 /* cow11.png in Resources */,
				849C3D441B6D66F1005D0908 /* canh1.png in Resources */,
				84278CAD1B6E81A800FA5A37 /* tiengbokeu.mp3 in Resources */,
				84278CA51B6E4A4A00FA5A37 /* black.png in Resources */,
				84FAE3DE1B6DFC8200172041 /* cogaihalan.png in Resources */,
				84FAE3C61B6DE2F900172041 /* cow1.png in Resources */,
				84FAE3CB1B6DE2F900172041 /* cow6.png in Resources */,
				84FAE3CD1B6DE2F900172041 /* cow8.png in Resources */,
				84FAE3AE1B6DCDA300172041 /* sun9.png in Resources */,
				84FAE3AD1B6DCDA300172041 /* sun8.png in Resources */,
			);
			runOnlyForDeploymentPostprocessing = 0;
		};
		849C3D1D1B6D3AB4005D0908 /* Resources */ = {
			isa = PBXResourcesBuildPhase;
			buildActionMask = 2147483647;
			files = (
			);
			runOnlyForDeploymentPostprocessing = 0;
		};
/* End PBXResourcesBuildPhase section */

/* Begin PBXSourcesBuildPhase section */
		849C3D021B6D3AB3005D0908 /* Sources */ = {
			isa = PBXSourcesBuildPhase;
			buildActionMask = 2147483647;
			files = (
				849C3D121B6D3AB4005D0908 /* ViewController.m in Sources */,
				849C3D0F1B6D3AB4005D0908 /* AppDelegate.m in Sources */,
				849C3D0C1B6D3AB4005D0908 /* main.m in Sources */,
			);
			runOnlyForDeploymentPostprocessing = 0;
		};
		849C3D1B1B6D3AB4005D0908 /* Sources */ = {
			isa = PBXSourcesBuildPhase;
			buildActionMask = 2147483647;
			files = (
				849C3D261B6D3AB4005D0908 /* CodeCamp1Tests.m in Sources */,
			);
			runOnlyForDeploymentPostprocessing = 0;
		};
/* End PBXSourcesBuildPhase section */

/* Begin PBXTargetDependency section */
		849C3D211B6D3AB4005D0908 /* PBXTargetDependency */ = {
			isa = PBXTargetDependency;
			target = 849C3D051B6D3AB3005D0908 /* CodeCamp1 */;
			targetProxy = 849C3D201B6D3AB4005D0908 /* PBXContainerItemProxy */;
		};
/* End PBXTargetDependency section */

/* Begin PBXVariantGroup section */
		849C3D131B6D3AB4005D0908 /* Main.storyboard */ = {
			isa = PBXVariantGroup;
			children = (
				849C3D141B6D3AB4005D0908 /* Base */,
			);
			name = Main.storyboard;
			sourceTree = "<group>";
		};
		849C3D181B6D3AB4005D0908 /* LaunchScreen.xib */ = {
			isa = PBXVariantGroup;
			children = (
				849C3D191B6D3AB4005D0908 /* Base */,
			);
			name = LaunchScreen.xib;
			sourceTree = "<group>";
		};
/* End PBXVariantGroup section */

/* Begin XCBuildConfiguration section */
		849C3D271B6D3AB4005D0908 /* Debug */ = {
			isa = XCBuildConfiguration;
			buildSettings = {
				ALWAYS_SEARCH_USER_PATHS = NO;
				CLANG_CXX_LANGUAGE_STANDARD = "gnu++0x";
				CLANG_CXX_LIBRARY = "libc++";
				CLANG_ENABLE_MODULES = YES;
				CLANG_ENABLE_OBJC_ARC = YES;
				CLANG_WARN_BOOL_CONVERSION = YES;
				CLANG_WARN_CONSTANT_CONVERSION = YES;
				CLANG_WARN_DIRECT_OBJC_ISA_USAGE = YES_ERROR;
				CLANG_WARN_EMPTY_BODY = YES;
				CLANG_WARN_ENUM_CONVERSION = YES;
				CLANG_WARN_INT_CONVERSION = YES;
				CLANG_WARN_OBJC_ROOT_CLASS = YES_ERROR;
				CLANG_WARN_UNREACHABLE_CODE = YES;
				CLANG_WARN__DUPLICATE_METHOD_MATCH = YES;
				"CODE_SIGN_IDENTITY[sdk=iphoneos*]" = "iPhone Developer";
				COPY_PHASE_STRIP = NO;
				DEBUG_INFORMATION_FORMAT = "dwarf-with-dsym";
				ENABLE_STRICT_OBJC_MSGSEND = YES;
				GCC_C_LANGUAGE_STANDARD = gnu99;
				GCC_DYNAMIC_NO_PIC = NO;
				GCC_NO_COMMON_BLOCKS = YES;
				GCC_OPTIMIZATION_LEVEL = 0;
				GCC_PREPROCESSOR_DEFINITIONS = (
					"DEBUG=1",
					"$(inherited)",
				);
				GCC_SYMBOLS_PRIVATE_EXTERN = NO;
				GCC_WARN_64_TO_32_BIT_CONVERSION = YES;
				GCC_WARN_ABOUT_RETURN_TYPE = YES_ERROR;
				GCC_WARN_UNDECLARED_SELECTOR = YES;
				GCC_WARN_UNINITIALIZED_AUTOS = YES_AGGRESSIVE;
				GCC_WARN_UNUSED_FUNCTION = YES;
				GCC_WARN_UNUSED_VARIABLE = YES;
				IPHONEOS_DEPLOYMENT_TARGET = 8.4;
				MTL_ENABLE_DEBUG_INFO = YES;
				ONLY_ACTIVE_ARCH = YES;
				SDKROOT = iphoneos;
			};
			name = Debug;
		};
		849C3D281B6D3AB4005D0908 /* Release */ = {
			isa = XCBuildConfiguration;
			buildSettings = {
				ALWAYS_SEARCH_USER_PATHS = NO;
				CLANG_CXX_LANGUAGE_STANDARD = "gnu++0x";
				CLANG_CXX_LIBRARY = "libc++";
				CLANG_ENABLE_MODULES = YES;
				CLANG_ENABLE_OBJC_ARC = YES;
				CLANG_WARN_BOOL_CONVERSION = YES;
				CLANG_WARN_CONSTANT_CONVERSION = YES;
				CLANG_WARN_DIRECT_OBJC_ISA_USAGE = YES_ERROR;
				CLANG_WARN_EMPTY_BODY = YES;
				CLANG_WARN_ENUM_CONVERSION = YES;
				CLANG_WARN_INT_CONVERSION = YES;
				CLANG_WARN_OBJC_ROOT_CLASS = YES_ERROR;
				CLANG_WARN_UNREACHABLE_CODE = YES;
				CLANG_WARN__DUPLICATE_METHOD_MATCH = YES;
				"CODE_SIGN_IDENTITY[sdk=iphoneos*]" = "iPhone Developer";
				COPY_PHASE_STRIP = NO;
				DEBUG_INFORMATION_FORMAT = "dwarf-with-dsym";
				ENABLE_NS_ASSERTIONS = NO;
				ENABLE_STRICT_OBJC_MSGSEND = YES;
				GCC_C_LANGUAGE_STANDARD = gnu99;
				GCC_NO_COMMON_BLOCKS = YES;
				GCC_WARN_64_TO_32_BIT_CONVERSION = YES;
				GCC_WARN_ABOUT_RETURN_TYPE = YES_ERROR;
				GCC_WARN_UNDECLARED_SELECTOR = YES;
				GCC_WARN_UNINITIALIZED_AUTOS = YES_AGGRESSIVE;
				GCC_WARN_UNUSED_FUNCTION = YES;
				GCC_WARN_UNUSED_VARIABLE = YES;
				IPHONEOS_DEPLOYMENT_TARGET = 8.4;
				MTL_ENABLE_DEBUG_INFO = NO;
				SDKROOT = iphoneos;
				VALIDATE_PRODUCT = YES;
			};
			name = Release;
		};
		849C3D2A1B6D3AB4005D0908 /* Debug */ = {
			isa = XCBuildConfiguration;
			buildSettings = {
				ASSETCATALOG_COMPILER_APPICON_NAME = AppIcon;
				INFOPLIST_FILE = CodeCamp1/Info.plist;
				LD_RUNPATH_SEARCH_PATHS = "$(inherited) @executable_path/Frameworks";
				PRODUCT_NAME = "$(TARGET_NAME)";
			};
			name = Debug;
		};
		849C3D2B1B6D3AB4005D0908 /* Release */ = {
			isa = XCBuildConfiguration;
			buildSettings = {
				ASSETCATALOG_COMPILER_APPICON_NAME = AppIcon;
				INFOPLIST_FILE = CodeCamp1/Info.plist;
				LD_RUNPATH_SEARCH_PATHS = "$(inherited) @executable_path/Frameworks";
				PRODUCT_NAME = "$(TARGET_NAME)";
			};
			name = Release;
		};
		849C3D2D1B6D3AB4005D0908 /* Debug */ = {
			isa = XCBuildConfiguration;
			buildSettings = {
				BUNDLE_LOADER = "$(TEST_HOST)";
				FRAMEWORK_SEARCH_PATHS = (
					"$(SDKROOT)/Developer/Library/Frameworks",
					"$(inherited)",
				);
				GCC_PREPROCESSOR_DEFINITIONS = (
					"DEBUG=1",
					"$(inherited)",
				);
				INFOPLIST_FILE = CodeCamp1Tests/Info.plist;
				LD_RUNPATH_SEARCH_PATHS = "$(inherited) @executable_path/Frameworks @loader_path/Frameworks";
				PRODUCT_NAME = "$(TARGET_NAME)";
				TEST_HOST = "$(BUILT_PRODUCTS_DIR)/CodeCamp1.app/CodeCamp1";
			};
			name = Debug;
		};
		849C3D2E1B6D3AB4005D0908 /* Release */ = {
			isa = XCBuildConfiguration;
			buildSettings = {
				BUNDLE_LOADER = "$(TEST_HOST)";
				FRAMEWORK_SEARCH_PATHS = (
					"$(SDKROOT)/Developer/Library/Frameworks",
					"$(inherited)",
				);
				INFOPLIST_FILE = CodeCamp1Tests/Info.plist;
				LD_RUNPATH_SEARCH_PATHS = "$(inherited) @executable_path/Frameworks @loader_path/Frameworks";
				PRODUCT_NAME = "$(TARGET_NAME)";
				TEST_HOST = "$(BUILT_PRODUCTS_DIR)/CodeCamp1.app/CodeCamp1";
			};
			name = Release;
		};
/* End XCBuildConfiguration section */

/* Begin XCConfigurationList section */
		849C3D011B6D3AB3005D0908 /* Build configuration list for PBXProject "CodeCamp1" */ = {
			isa = XCConfigurationList;
			buildConfigurations = (
				849C3D271B6D3AB4005D0908 /* Debug */,
				849C3D281B6D3AB4005D0908 /* Release */,
			);
			defaultConfigurationIsVisible = 0;
			defaultConfigurationName = Release;
		};
		849C3D291B6D3AB4005D0908 /* Build configuration list for PBXNativeTarget "CodeCamp1" */ = {
			isa = XCConfigurationList;
			buildConfigurations = (
				849C3D2A1B6D3AB4005D0908 /* Debug */,
				849C3D2B1B6D3AB4005D0908 /* Release */,
			);
			defaultConfigurationIsVisible = 0;
			defaultConfigurationName = Release;
		};
		849C3D2C1B6D3AB4005D0908 /* Build configuration list for PBXNativeTarget "CodeCamp1Tests" */ = {
			isa = XCConfigurationList;
			buildConfigurations = (
				849C3D2D1B6D3AB4005D0908 /* Debug */,
				849C3D2E1B6D3AB4005D0908 /* Release */,
			);
			defaultConfigurationIsVisible = 0;
			defaultConfigurationName = Release;
		};
/* End XCConfigurationList section */
	};
	rootObject = 849C3CFE1B6D3AB3005D0908 /* Project object */;
}
