// !$*UTF8*$!
{
	archiveVersion = 1;
	classes = {
	};
	objectVersion = 46;
	objects = {

/* Begin PBXBuildFile section */
		849C3D0C1B6D3AB4005D0908 /* main.m in Sources */ = {isa = PBXBuildFile; fileRef = 849C3D0B1B6D3AB4005D0908 /* main.m */; };
		849C3D0F1B6D3AB4005D0908 /* AppDelegate.m in Sources */ = {isa = PBXBuildFile; fileRef = 849C3D0E1B6D3AB4005D0908 /* AppDelegate.m */; };
		849C3D121B6D3AB4005D0908 /* ViewController.m in Sources */ = {isa = PBXBuildFile; fileRef = 849C3D111B6D3AB4005D0908 /* ViewController.m */; };
		849C3D151B6D3AB4005D0908 /* Main.storyboard in Resources */ = {isa = PBXBuildFile; fileRef = 849C3D131B6D3AB4005D0908 /* Main.storyboard */; };
		849C3D171B6D3AB4005D0908 /* Images.xcassets in Resources */ = {isa = PBXBuildFile; fileRef = 849C3D161B6D3AB4005D0908 /* Images.xcassets */; };
		849C3D1A1B6D3AB4005D0908 /* LaunchScreen.xib in Resources */ = {isa = PBXBuildFile; fileRef = 849C3D181B6D3AB4005D0908 /* LaunchScreen.xib */; };
		849C3D261B6D3AB4005D0908 /* CodeCamp1Tests.m in Sources */ = {isa = PBXBuildFile; fileRef = 849C3D251B6D3AB4005D0908 /* CodeCamp1Tests.m */; };
/* End PBXBuildFile section */

/* Begin PBXContainerItemProxy section */
		849C3D201B6D3AB4005D0908 /* PBXContainerItemProxy */ = {
			isa = PBXContainerItemProxy;
			containerPortal = 849C3CFE1B6D3AB3005D0908 /* Project object */;
			proxyType = 1;
			remoteGlobalIDString = 849C3D051B6D3AB3005D0908;
			remoteInfo = CodeCamp1;
		};
/* End PBXContainerItemProxy section */

/* Begin PBXFileReference section */
		849C3D061B6D3AB4005D0908 /* CodeCamp1.app */ = {isa = PBXFileReference; explicitFileType = wrapper.application; includeInIndex = 0; path = CodeCamp1.app; sourceTree = BUILT_PRODUCTS_DIR; };
		849C3D0A1B6D3AB4005D0908 /* Info.plist */ = {isa = PBXFileReference; lastKnownFileType = text.plist.xml; path = Info.plist; sourceTree = "<group>"; };
		849C3D0B1B6D3AB4005D0908 /* main.m */ = {isa = PBXFileReference; lastKnownFileType = sourcecode.c.objc; path = main.m; sourceTree = "<group>"; };
		849C3D0D1B6D3AB4005D0908 /* AppDelegate.h */ = {isa = PBXFileReference; lastKnownFileType = sourcecode.c.h; path = AppDelegate.h; sourceTree = "<group>"; };
		849C3D0E1B6D3AB4005D0908 /* AppDelegate.m */ = {isa = PBXFileReference; lastKnownFileType = sourcecode.c.objc; path = AppDelegate.m; sourceTree = "<group>"; };
		849C3D101B6D3AB4005D0908 /* ViewController.h */ = {isa = PBXFileReference; lastKnownFileType = sourcecode.c.h; path = ViewController.h; sourceTree = "<group>"; };
		849C3D111B6D3AB4005D0908 /* ViewController.m */ = {isa = PBXFileReference; lastKnownFileType = sourcecode.c.objc; path = ViewController.m; sourceTree = "<group>"; };
		849C3D141B6D3AB4005D0908 /* Base */ = {isa = PBXFileReference; lastKnownFileType = file.storyboard; name = Base; path = Base.lproj/Main.storyboard; sourceTree = "<group>"; };
		849C3D161B6D3AB4005D0908 /* Images.xcassets */ = {isa = PBXFileReference; lastKnownFileType = folder.assetcatalog; path = Images.xcassets; sourceTree = "<group>"; };
		849C3D191B6D3AB4005D0908 /* Base */ = {isa = PBXFileReference; lastKnownFileType = file.xib; name = Base; path = Base.lproj/LaunchScreen.xib; sourceTree = "<group>"; };
		849C3D1F1B6D3AB4005D0908 /* CodeCamp1Tests.xctest */ = {isa = PBXFileReference; explicitFileType = wrapper.cfbundle; includeInIndex = 0; path = CodeCamp1Tests.xctest; sourceTree = BUILT_PRODUCTS_DIR; };
		849C3D241B6D3AB4005D0908 /* Info.plist */ = {isa = PBXFileReference; lastKnownFileType = text.plist.xml; path = Info.plist; sourceTree = "<group>"; };
		849C3D251B6D3AB4005D0908 /* CodeCamp1Tests.m */ = {isa = PBXFileReference; lastKnownFileType = sourcecode.c.objc; path = CodeCamp1Tests.m; sourceTree = "<group>"; };
/* End PBXFileReference section */

/* Begin PBXFrameworksBuildPhase section */
		849C3D031B6D3AB3005D0908 /* Frameworks */ = {
			isa = PBXFrameworksBuildPhase;
			buildActionMask = 2147483647;
			files = (
			);
			runOnlyForDeploymentPostprocessing = 0;
		};
		849C3D1C1B6D3AB4005D0908 /* Frameworks */ = {
			isa = PBXFrameworksBuildPhase;
			buildActionMask = 2147483647;
			files = (
			);
			runOnlyForDeploymentPostprocessing = 0;
		};
/* End PBXFrameworksBuildPhase section */

/* Begin PBXGroup section */
		849C3CFD1B6D3AB3005D0908 = {
			isa = PBXGroup;
			children = (
				849C3D081B6D3AB4005D0908 /* CodeCamp1 */,
				849C3D221B6D3AB4005D0908 /* CodeCamp1Tests */,
				849C3D071B6D3AB4005D0908 /* Products */,
			);
			sourceTree = "<group>";
		};
		849C3D071B6D3AB4005D0908 /* Products */ = {
			isa = PBXGroup;
			children = (
				849C3D061B6D3AB4005D0908 /* CodeCamp1.app */,
				849C3D1F1B6D3AB4005D0908 /* CodeCamp1Tests.xctest */,
			);
			name = Products;
			sourceTree = "<group>";
		};
		849C3D081B6D3AB4005D0908 /* CodeCamp1 */ = {
			isa = PBXGroup;
			children = (
				849C3D0D1B6D3AB4005D0908 /* AppDelegate.h */,
				849C3D0E1B6D3AB4005D0908 /* AppDelegate.m */,
				849C3D101B6D3AB4005D0908 /* ViewController.h */,
				849C3D111B6D3AB4005D0908 /* ViewController.m */,
				849C3D131B6D3AB4005D0908 /* Main.storyboard */,
				849C3D161B6D3AB4005D0908 /* Images.xcassets */,
				849C3D181B6D3AB4005D0908 /* LaunchScreen.xib */,
				849C3D091B6D3AB4005D0908 /* Supporting Files */,
			);
			path = CodeCamp1;
			sourceTree = "<group>";
		};
		849C3D091B6D3AB4005D0908 /* Supporting Files */ = {
			isa = PBXGroup;
			children = (
				849C3D0A1B6D3AB4005D0908 /* Info.plist */,
				849C3D0B1B6D3AB4005D0908 /* main.m */,
			);
			name = "Supporting Files";
			sourceTree = "<group>";
		};
		849C3D221B6D3AB4005D0908 /* CodeCamp1Tests */ = {
			isa = PBXGroup;
			children = (
				849C3D251B6D3AB4005D0908 /* CodeCamp1Tests.m */,
				849C3D231B6D3AB4005D0908 /* Supporting Files */,
			);
			path = CodeCamp1Tests;
			sourceTree = "<group>";
		};
		849C3D231B6D3AB4005D0908 /* Supporting Files */ = {
			isa = PBXGroup;
			children = (
				849C3D241B6D3AB4005D0908 /* Info.plist */,
			);
			name = "Supporting Files";
			sourceTree = "<group>";
		};
/* End PBXGroup section */

/* Begin PBXNativeTarget section */
		849C3D051B6D3AB3005D0908 /* CodeCamp1 */ = {
			isa = PBXNativeTarget;
			buildConfigurationList = 849C3D291B6D3AB4005D0908 /* Build configuration list for PBXNativeTarget "CodeCamp1" */;
			buildPhases = (
				849C3D021B6D3AB3005D0908 /* Sources */,
				849C3D031B6D3AB3005D0908 /* Frameworks */,
				849C3D041B6D3AB3005D0908 /* Resources */,
			);
			buildRules = (
			);
			dependencies = (
			);
			name = CodeCamp1;
			productName = CodeCamp1;
			productReference = 849C3D061B6D3AB4005D0908 /* CodeCamp1.app */;
			productType = "com.apple.product-type.application";
		};
		849C3D1E1B6D3AB4005D0908 /* CodeCamp1Tests */ = {
			isa = PBXNativeTarget;
			buildConfigurationList = 849C3D2C1B6D3AB4005D0908 /* Build configuration list for PBXNativeTarget "CodeCamp1Tests" */;
			buildPhases = (
				849C3D1B1B6D3AB4005D0908 /* Sources */,
				849C3D1C1B6D3AB4005D0908 /* Frameworks */,
				849C3D1D1B6D3AB4005D0908 /* Resources */,
			);
			buildRules = (
			);
			dependencies = (
				849C3D211B6D3AB4005D0908 /* PBXTargetDependency */,
			);
			name = CodeCamp1Tests;
			productName = CodeCamp1Tests;
			productReference = 849C3D1F1B6D3AB4005D0908 /* CodeCamp1Tests.xctest */;
			productType = "com.apple.product-type.bundle.unit-test";
		};
/* End PBXNativeTarget section */

/* Begin PBXProject section */
		849C3CFE1B6D3AB3005D0908 /* Project object */ = {
			isa = PBXProject;
			attributes = {
				LastUpgradeCheck = 0640;
				ORGANIZATIONNAME = admin;
				TargetAttributes = {
					849C3D051B6D3AB3005D0908 = {
						CreatedOnToolsVersion = 6.4;
					};
					849C3D1E1B6D3AB4005D0908 = {
						CreatedOnToolsVersion = 6.4;
						TestTargetID = 849C3D051B6D3AB3005D0908;
					};
				};
			};
			buildConfigurationList = 849C3D011B6D3AB3005D0908 /* Build configuration list for PBXProject "CodeCamp1" */;
			compatibilityVersion = "Xcode 3.2";
			developmentRegion = English;
			hasScannedForEncodings = 0;
			knownRegions = (
				en,
				Base,
			);
			mainGroup = 849C3CFD1B6D3AB3005D0908;
			productRefGroup = 849C3D071B6D3AB4005D0908 /* Products */;
			projectDirPath = "";
			projectRoot = "";
			targets = (
				849C3D051B6D3AB3005D0908 /* CodeCamp1 */,
				849C3D1E1B6D3AB4005D0908 /* CodeCamp1Tests */,
			);
		};
/* End PBXProject section */

/* Begin PBXResourcesBuildPhase section */
		849C3D041B6D3AB3005D0908 /* Resources */ = {
			isa = PBXResourcesBuildPhase;
			buildActionMask = 2147483647;
			files = (
				849C3D151B6D3AB4005D0908 /* Main.storyboard in Resources */,
				849C3D1A1B6D3AB4005D0908 /* LaunchScreen.xib in Resources */,
				849C3D171B6D3AB4005D0908 /* Images.xcassets in Resources */,
			);
			runOnlyForDeploymentPostprocessing = 0;
		};
		849C3D1D1B6D3AB4005D0908 /* Resources */ = {
			isa = PBXResourcesBuildPhase;
			buildActionMask = 2147483647;
			files = (
			);
			runOnlyForDeploymentPostprocessing = 0;
		};
/* End PBXResourcesBuildPhase section */

/* Begin PBXSourcesBuildPhase section */
		849C3D021B6D3AB3005D0908 /* Sources */ = {
			isa = PBXSourcesBuildPhase;
			buildActionMask = 2147483647;
			files = (
				849C3D121B6D3AB4005D0908 /* ViewController.m in Sources */,
				849C3D0F1B6D3AB4005D0908 /* AppDelegate.m in Sources */,
				849C3D0C1B6D3AB4005D0908 /* main.m in Sources */,
			);
			runOnlyForDeploymentPostprocessing = 0;
		};
		849C3D1B1B6D3AB4005D0908 /* Sources */ = {
			isa = PBXSourcesBuildPhase;
			buildActionMask = 2147483647;
			files = (
				849C3D261B6D3AB4005D0908 /* CodeCamp1Tests.m in Sources */,
			);
			runOnlyForDeploymentPostprocessing = 0;
		};
/* End PBXSourcesBuildPhase section */

/* Begin PBXTargetDependency section */
		849C3D211B6D3AB4005D0908 /* PBXTargetDependency */ = {
			isa = PBXTargetDependency;
			target = 849C3D051B6D3AB3005D0908 /* CodeCamp1 */;
			targetProxy = 849C3D201B6D3AB4005D0908 /* PBXContainerItemProxy */;
		};
/* End PBXTargetDependency section */

/* Begin PBXVariantGroup section */
		849C3D131B6D3AB4005D0908 /* Main.storyboard */ = {
			isa = PBXVariantGroup;
			children = (
				849C3D141B6D3AB4005D0908 /* Base */,
			);
			name = Main.storyboard;
			sourceTree = "<group>";
		};
		849C3D181B6D3AB4005D0908 /* LaunchScreen.xib */ = {
			isa = PBXVariantGroup;
			children = (
				849C3D191B6D3AB4005D0908 /* Base */,
			);
			name = LaunchScreen.xib;
			sourceTree = "<group>";
		};
/* End PBXVariantGroup section */

/* Begin XCBuildConfiguration section */
		849C3D271B6D3AB4005D0908 /* Debug */ = {
			isa = XCBuildConfiguration;
			buildSettings = {
				ALWAYS_SEARCH_USER_PATHS = NO;
				CLANG_CXX_LANGUAGE_STANDARD = "gnu++0x";
				CLANG_CXX_LIBRARY = "libc++";
				CLANG_ENABLE_MODULES = YES;
				CLANG_ENABLE_OBJC_ARC = YES;
				CLANG_WARN_BOOL_CONVERSION = YES;
				CLANG_WARN_CONSTANT_CONVERSION = YES;
				CLANG_WARN_DIRECT_OBJC_ISA_USAGE = YES_ERROR;
				CLANG_WARN_EMPTY_BODY = YES;
				CLANG_WARN_ENUM_CONVERSION = YES;
				CLANG_WARN_INT_CONVERSION = YES;
				CLANG_WARN_OBJC_ROOT_CLASS = YES_ERROR;
				CLANG_WARN_UNREACHABLE_CODE = YES;
				CLANG_WARN__DUPLICATE_METHOD_MATCH = YES;
				"CODE_SIGN_IDENTITY[sdk=iphoneos*]" = "iPhone Developer";
				COPY_PHASE_STRIP = NO;
				DEBUG_INFORMATION_FORMAT = "dwarf-with-dsym";
				ENABLE_STRICT_OBJC_MSGSEND = YES;
				GCC_C_LANGUAGE_STANDARD = gnu99;
				GCC_DYNAMIC_NO_PIC = NO;
				GCC_NO_COMMON_BLOCKS = YES;
				GCC_OPTIMIZATION_LEVEL = 0;
				GCC_PREPROCESSOR_DEFINITIONS = (
					"DEBUG=1",
					"$(inherited)",
				);
				GCC_SYMBOLS_PRIVATE_EXTERN = NO;
				GCC_WARN_64_TO_32_BIT_CONVERSION = YES;
				GCC_WARN_ABOUT_RETURN_TYPE = YES_ERROR;
				GCC_WARN_UNDECLARED_SELECTOR = YES;
				GCC_WARN_UNINITIALIZED_AUTOS = YES_AGGRESSIVE;
				GCC_WARN_UNUSED_FUNCTION = YES;
				GCC_WARN_UNUSED_VARIABLE = YES;
				IPHONEOS_DEPLOYMENT_TARGET = 8.4;
				MTL_ENABLE_DEBUG_INFO = YES;
				ONLY_ACTIVE_ARCH = YES;
				SDKROOT = iphoneos;
			};
			name = Debug;
		};
		849C3D281B6D3AB4005D0908 /* Release */ = {
			isa = XCBuildConfiguration;
			buildSettings = {
				ALWAYS_SEARCH_USER_PATHS = NO;
				CLANG_CXX_LANGUAGE_STANDARD = "gnu++0x";
				CLANG_CXX_LIBRARY = "libc++";
				CLANG_ENABLE_MODULES = YES;
				CLANG_ENABLE_OBJC_ARC = YES;
				CLANG_WARN_BOOL_CONVERSION = YES;
				CLANG_WARN_CONSTANT_CONVERSION = YES;
				CLANG_WARN_DIRECT_OBJC_ISA_USAGE = YES_ERROR;
				CLANG_WARN_EMPTY_BODY = YES;
				CLANG_WARN_ENUM_CONVERSION = YES;
				CLANG_WARN_INT_CONVERSION = YES;
				CLANG_WARN_OBJC_ROOT_CLASS = YES_ERROR;
				CLANG_WARN_UNREACHABLE_CODE = YES;
				CLANG_WARN__DUPLICATE_METHOD_MATCH = YES;
				"CODE_SIGN_IDENTITY[sdk=iphoneos*]" = "iPhone Developer";
				COPY_PHASE_STRIP = NO;
				DEBUG_INFORMATION_FORMAT = "dwarf-with-dsym";
				ENABLE_NS_ASSERTIONS = NO;
				ENABLE_STRICT_OBJC_MSGSEND = YES;
				GCC_C_LANGUAGE_STANDARD = gnu99;
				GCC_NO_COMMON_BLOCKS = YES;
				GCC_WARN_64_TO_32_BIT_CONVERSION = YES;
				GCC_WARN_ABOUT_RETURN_TYPE = YES_ERROR;
				GCC_WARN_UNDECLARED_SELECTOR = YES;
				GCC_WARN_UNINITIALIZED_AUTOS = YES_AGGRESSIVE;
				GCC_WARN_UNUSED_FUNCTION = YES;
				GCC_WARN_UNUSED_VARIABLE = YES;
				IPHONEOS_DEPLOYMENT_TARGET = 8.4;
				MTL_ENABLE_DEBUG_INFO = NO;
				SDKROOT = iphoneos;
				VALIDATE_PRODUCT = YES;
			};
			name = Release;
		};
		849C3D2A1B6D3AB4005D0908 /* Debug */ = {
			isa = XCBuildConfiguration;
			buildSettings = {
				ASSETCATALOG_COMPILER_APPICON_NAME = AppIcon;
				INFOPLIST_FILE = CodeCamp1/Info.plist;
				LD_RUNPATH_SEARCH_PATHS = "$(inherited) @executable_path/Frameworks";
				PRODUCT_NAME = "$(TARGET_NAME)";
			};
			name = Debug;
		};
		849C3D2B1B6D3AB4005D0908 /* Release */ = {
			isa = XCBuildConfiguration;
			buildSettings = {
				ASSETCATALOG_COMPILER_APPICON_NAME = AppIcon;
				INFOPLIST_FILE = CodeCamp1/Info.plist;
				LD_RUNPATH_SEARCH_PATHS = "$(inherited) @executable_path/Frameworks";
				PRODUCT_NAME = "$(TARGET_NAME)";
			};
			name = Release;
		};
		849C3D2D1B6D3AB4005D0908 /* Debug */ = {
			isa = XCBuildConfiguration;
			buildSettings = {
				BUNDLE_LOADER = "$(TEST_HOST)";
				FRAMEWORK_SEARCH_PATHS = (
					"$(SDKROOT)/Developer/Library/Frameworks",
					"$(inherited)",
				);
				GCC_PREPROCESSOR_DEFINITIONS = (
					"DEBUG=1",
					"$(inherited)",
				);
				INFOPLIST_FILE = CodeCamp1Tests/Info.plist;
				LD_RUNPATH_SEARCH_PATHS = "$(inherited) @executable_path/Frameworks @loader_path/Frameworks";
				PRODUCT_NAME = "$(TARGET_NAME)";
				TEST_HOST = "$(BUILT_PRODUCTS_DIR)/CodeCamp1.app/CodeCamp1";
			};
			name = Debug;
		};
		849C3D2E1B6D3AB4005D0908 /* Release */ = {
			isa = XCBuildConfiguration;
			buildSettings = {
				BUNDLE_LOADER = "$(TEST_HOST)";
				FRAMEWORK_SEARCH_PATHS = (
					"$(SDKROOT)/Developer/Library/Frameworks",
					"$(inherited)",
				);
				INFOPLIST_FILE = CodeCamp1Tests/Info.plist;
				LD_RUNPATH_SEARCH_PATHS = "$(inherited) @executable_path/Frameworks @loader_path/Frameworks";
				PRODUCT_NAME = "$(TARGET_NAME)";
				TEST_HOST = "$(BUILT_PRODUCTS_DIR)/CodeCamp1.app/CodeCamp1";
			};
			name = Release;
		};
/* End XCBuildConfiguration section */

/* Begin XCConfigurationList section */
		849C3D011B6D3AB3005D0908 /* Build configuration list for PBXProject "CodeCamp1" */ = {
			isa = XCConfigurationList;
			buildConfigurations = (
				849C3D271B6D3AB4005D0908 /* Debug */,
				849C3D281B6D3AB4005D0908 /* Release */,
			);
			defaultConfigurationIsVisible = 0;
			defaultConfigurationName = Release;
		};
		849C3D291B6D3AB4005D0908 /* Build configuration list for PBXNativeTarget "CodeCamp1" */ = {
			isa = XCConfigurationList;
			buildConfigurations = (
				849C3D2A1B6D3AB4005D0908 /* Debug */,
				849C3D2B1B6D3AB4005D0908 /* Release */,
			);
			defaultConfigurationIsVisible = 0;
		};
		849C3D2C1B6D3AB4005D0908 /* Build configuration list for PBXNativeTarget "CodeCamp1Tests" */ = {
			isa = XCConfigurationList;
			buildConfigurations = (
				849C3D2D1B6D3AB4005D0908 /* Debug */,
				849C3D2E1B6D3AB4005D0908 /* Release */,
			);
			defaultConfigurationIsVisible = 0;
		};
/* End XCConfigurationList section */
	};
	rootObject = 849C3CFE1B6D3AB3005D0908 /* Project object */;
}
